// !$*UTF8*$!
{
	archiveVersion = 1;
	classes = {
	};
	objectVersion = 50;
	objects = {

/* Begin PBXBuildFile section */
		233311C92498FB4A006D3FC7 /* AppDelegate.swift in Sources */ = {isa = PBXBuildFile; fileRef = 233311C82498FB4A006D3FC7 /* AppDelegate.swift */; };
		233311CB2498FB4A006D3FC7 /* SceneDelegate.swift in Sources */ = {isa = PBXBuildFile; fileRef = 233311CA2498FB4A006D3FC7 /* SceneDelegate.swift */; };
		233311CD2498FB4A006D3FC7 /* ViewController.swift in Sources */ = {isa = PBXBuildFile; fileRef = 233311CC2498FB4A006D3FC7 /* ViewController.swift */; };
		233311D02498FB4B006D3FC7 /* Main.storyboard in Resources */ = {isa = PBXBuildFile; fileRef = 233311CE2498FB4B006D3FC7 /* Main.storyboard */; };
		233311D22498FB4C006D3FC7 /* Assets.xcassets in Resources */ = {isa = PBXBuildFile; fileRef = 233311D12498FB4C006D3FC7 /* Assets.xcassets */; };
		233311D52498FB4C006D3FC7 /* LaunchScreen.storyboard in Resources */ = {isa = PBXBuildFile; fileRef = 233311D32498FB4C006D3FC7 /* LaunchScreen.storyboard */; };
		233311E02498FB4C006D3FC7 /* ios_sampleappTests.swift in Sources */ = {isa = PBXBuildFile; fileRef = 233311DF2498FB4C006D3FC7 /* ios_sampleappTests.swift */; };
		233311EB2498FB4C006D3FC7 /* ios_sampleappUITests.swift in Sources */ = {isa = PBXBuildFile; fileRef = 233311EA2498FB4C006D3FC7 /* ios_sampleappUITests.swift */; };
		2380EF32249BAB390061C06D /* RatingControl.swift in Sources */ = {isa = PBXBuildFile; fileRef = 2380EF31249BAB390061C06D /* RatingControl.swift */; };
/* End PBXBuildFile section */

/* Begin PBXContainerItemProxy section */
		233311DC2498FB4C006D3FC7 /* PBXContainerItemProxy */ = {
			isa = PBXContainerItemProxy;
			containerPortal = 233311BD2498FB4A006D3FC7 /* Project object */;
			proxyType = 1;
			remoteGlobalIDString = 233311C42498FB4A006D3FC7;
			remoteInfo = ios_sampleapp;
		};
		233311E72498FB4C006D3FC7 /* PBXContainerItemProxy */ = {
			isa = PBXContainerItemProxy;
			containerPortal = 233311BD2498FB4A006D3FC7 /* Project object */;
			proxyType = 1;
			remoteGlobalIDString = 233311C42498FB4A006D3FC7;
			remoteInfo = ios_sampleapp;
		};
/* End PBXContainerItemProxy section */

/* Begin PBXFileReference section */
		233311C52498FB4A006D3FC7 /* ios_sampleapp.app */ = {isa = PBXFileReference; explicitFileType = wrapper.application; includeInIndex = 0; path = ios_sampleapp.app; sourceTree = BUILT_PRODUCTS_DIR; };
		233311C82498FB4A006D3FC7 /* AppDelegate.swift */ = {isa = PBXFileReference; lastKnownFileType = sourcecode.swift; path = AppDelegate.swift; sourceTree = "<group>"; };
		233311CA2498FB4A006D3FC7 /* SceneDelegate.swift */ = {isa = PBXFileReference; lastKnownFileType = sourcecode.swift; path = SceneDelegate.swift; sourceTree = "<group>"; };
		233311CC2498FB4A006D3FC7 /* ViewController.swift */ = {isa = PBXFileReference; lastKnownFileType = sourcecode.swift; path = ViewController.swift; sourceTree = "<group>"; };
		233311CF2498FB4B006D3FC7 /* Base */ = {isa = PBXFileReference; lastKnownFileType = file.storyboard; name = Base; path = Base.lproj/Main.storyboard; sourceTree = "<group>"; };
		233311D12498FB4C006D3FC7 /* Assets.xcassets */ = {isa = PBXFileReference; lastKnownFileType = folder.assetcatalog; path = Assets.xcassets; sourceTree = "<group>"; };
		233311D42498FB4C006D3FC7 /* Base */ = {isa = PBXFileReference; lastKnownFileType = file.storyboard; name = Base; path = Base.lproj/LaunchScreen.storyboard; sourceTree = "<group>"; };
		233311D62498FB4C006D3FC7 /* Info.plist */ = {isa = PBXFileReference; lastKnownFileType = text.plist.xml; path = Info.plist; sourceTree = "<group>"; };
		233311DB2498FB4C006D3FC7 /* ios_sampleappTests.xctest */ = {isa = PBXFileReference; explicitFileType = wrapper.cfbundle; includeInIndex = 0; path = ios_sampleappTests.xctest; sourceTree = BUILT_PRODUCTS_DIR; };
		233311DF2498FB4C006D3FC7 /* ios_sampleappTests.swift */ = {isa = PBXFileReference; lastKnownFileType = sourcecode.swift; path = ios_sampleappTests.swift; sourceTree = "<group>"; };
		233311E12498FB4C006D3FC7 /* Info.plist */ = {isa = PBXFileReference; lastKnownFileType = text.plist.xml; path = Info.plist; sourceTree = "<group>"; };
		233311E62498FB4C006D3FC7 /* ios_sampleappUITests.xctest */ = {isa = PBXFileReference; explicitFileType = wrapper.cfbundle; includeInIndex = 0; path = ios_sampleappUITests.xctest; sourceTree = BUILT_PRODUCTS_DIR; };
		233311EA2498FB4C006D3FC7 /* ios_sampleappUITests.swift */ = {isa = PBXFileReference; lastKnownFileType = sourcecode.swift; path = ios_sampleappUITests.swift; sourceTree = "<group>"; };
		233311EC2498FB4C006D3FC7 /* Info.plist */ = {isa = PBXFileReference; lastKnownFileType = text.plist.xml; path = Info.plist; sourceTree = "<group>"; };
		2380EF31249BAB390061C06D /* RatingControl.swift */ = {isa = PBXFileReference; lastKnownFileType = sourcecode.swift; path = RatingControl.swift; sourceTree = "<group>"; };
/* End PBXFileReference section */

/* Begin PBXFrameworksBuildPhase section */
		233311C22498FB4A006D3FC7 /* Frameworks */ = {
			isa = PBXFrameworksBuildPhase;
			buildActionMask = 2147483647;
			files = (
			);
			runOnlyForDeploymentPostprocessing = 0;
		};
		233311D82498FB4C006D3FC7 /* Frameworks */ = {
			isa = PBXFrameworksBuildPhase;
			buildActionMask = 2147483647;
			files = (
			);
			runOnlyForDeploymentPostprocessing = 0;
		};
		233311E32498FB4C006D3FC7 /* Frameworks */ = {
			isa = PBXFrameworksBuildPhase;
			buildActionMask = 2147483647;
			files = (
			);
			runOnlyForDeploymentPostprocessing = 0;
		};
/* End PBXFrameworksBuildPhase section */

/* Begin PBXGroup section */
		233311BC2498FB4A006D3FC7 = {
			isa = PBXGroup;
			children = (
				233311C72498FB4A006D3FC7 /* ios_sampleapp */,
				233311DE2498FB4C006D3FC7 /* ios_sampleappTests */,
				233311E92498FB4C006D3FC7 /* ios_sampleappUITests */,
				233311C62498FB4A006D3FC7 /* Products */,
			);
			sourceTree = "<group>";
		};
		233311C62498FB4A006D3FC7 /* Products */ = {
			isa = PBXGroup;
			children = (
				233311C52498FB4A006D3FC7 /* ios_sampleapp.app */,
				233311DB2498FB4C006D3FC7 /* ios_sampleappTests.xctest */,
				233311E62498FB4C006D3FC7 /* ios_sampleappUITests.xctest */,
			);
			name = Products;
			sourceTree = "<group>";
		};
		233311C72498FB4A006D3FC7 /* ios_sampleapp */ = {
			isa = PBXGroup;
			children = (
				2380EF31249BAB390061C06D /* RatingControl.swift */,
				233311C82498FB4A006D3FC7 /* AppDelegate.swift */,
				233311CA2498FB4A006D3FC7 /* SceneDelegate.swift */,
				233311CC2498FB4A006D3FC7 /* ViewController.swift */,
				233311CE2498FB4B006D3FC7 /* Main.storyboard */,
				233311D12498FB4C006D3FC7 /* Assets.xcassets */,
				233311D32498FB4C006D3FC7 /* LaunchScreen.storyboard */,
				233311D62498FB4C006D3FC7 /* Info.plist */,
			);
			path = ios_sampleapp;
			sourceTree = "<group>";
		};
		233311DE2498FB4C006D3FC7 /* ios_sampleappTests */ = {
			isa = PBXGroup;
			children = (
				233311DF2498FB4C006D3FC7 /* ios_sampleappTests.swift */,
				233311E12498FB4C006D3FC7 /* Info.plist */,
			);
			path = ios_sampleappTests;
			sourceTree = "<group>";
		};
		233311E92498FB4C006D3FC7 /* ios_sampleappUITests */ = {
			isa = PBXGroup;
			children = (
				233311EA2498FB4C006D3FC7 /* ios_sampleappUITests.swift */,
				233311EC2498FB4C006D3FC7 /* Info.plist */,
			);
			path = ios_sampleappUITests;
			sourceTree = "<group>";
		};
/* End PBXGroup section */

/* Begin PBXNativeTarget section */
		233311C42498FB4A006D3FC7 /* ios_sampleapp */ = {
			isa = PBXNativeTarget;
			buildConfigurationList = 233311EF2498FB4C006D3FC7 /* Build configuration list for PBXNativeTarget "ios_sampleapp" */;
			buildPhases = (
				233311C12498FB4A006D3FC7 /* Sources */,
				233311C22498FB4A006D3FC7 /* Frameworks */,
				233311C32498FB4A006D3FC7 /* Resources */,
			);
			buildRules = (
			);
			dependencies = (
			);
			name = ios_sampleapp;
			productName = ios_sampleapp;
			productReference = 233311C52498FB4A006D3FC7 /* ios_sampleapp.app */;
			productType = "com.apple.product-type.application";
		};
		233311DA2498FB4C006D3FC7 /* ios_sampleappTests */ = {
			isa = PBXNativeTarget;
			buildConfigurationList = 233311F22498FB4C006D3FC7 /* Build configuration list for PBXNativeTarget "ios_sampleappTests" */;
			buildPhases = (
				233311D72498FB4C006D3FC7 /* Sources */,
				233311D82498FB4C006D3FC7 /* Frameworks */,
				233311D92498FB4C006D3FC7 /* Resources */,
			);
			buildRules = (
			);
			dependencies = (
				233311DD2498FB4C006D3FC7 /* PBXTargetDependency */,
			);
			name = ios_sampleappTests;
			productName = ios_sampleappTests;
			productReference = 233311DB2498FB4C006D3FC7 /* ios_sampleappTests.xctest */;
			productType = "com.apple.product-type.bundle.unit-test";
		};
		233311E52498FB4C006D3FC7 /* ios_sampleappUITests */ = {
			isa = PBXNativeTarget;
			buildConfigurationList = 233311F52498FB4C006D3FC7 /* Build configuration list for PBXNativeTarget "ios_sampleappUITests" */;
			buildPhases = (
				233311E22498FB4C006D3FC7 /* Sources */,
				233311E32498FB4C006D3FC7 /* Frameworks */,
				233311E42498FB4C006D3FC7 /* Resources */,
			);
			buildRules = (
			);
			dependencies = (
				233311E82498FB4C006D3FC7 /* PBXTargetDependency */,
			);
			name = ios_sampleappUITests;
			productName = ios_sampleappUITests;
			productReference = 233311E62498FB4C006D3FC7 /* ios_sampleappUITests.xctest */;
			productType = "com.apple.product-type.bundle.ui-testing";
		};
/* End PBXNativeTarget section */

/* Begin PBXProject section */
		233311BD2498FB4A006D3FC7 /* Project object */ = {
			isa = PBXProject;
			attributes = {
				LastSwiftUpdateCheck = 1150;
				LastUpgradeCheck = 1150;
				ORGANIZATIONNAME = hblockth;
				TargetAttributes = {
					233311C42498FB4A006D3FC7 = {
						CreatedOnToolsVersion = 11.5;
					};
					233311DA2498FB4C006D3FC7 = {
						CreatedOnToolsVersion = 11.5;
						TestTargetID = 233311C42498FB4A006D3FC7;
					};
					233311E52498FB4C006D3FC7 = {
						CreatedOnToolsVersion = 11.5;
						TestTargetID = 233311C42498FB4A006D3FC7;
					};
				};
			};
			buildConfigurationList = 233311C02498FB4A006D3FC7 /* Build configuration list for PBXProject "ios_sampleapp" */;
			compatibilityVersion = "Xcode 9.3";
			developmentRegion = en;
			hasScannedForEncodings = 0;
			knownRegions = (
				en,
				Base,
			);
			mainGroup = 233311BC2498FB4A006D3FC7;
			productRefGroup = 233311C62498FB4A006D3FC7 /* Products */;
			projectDirPath = "";
			projectRoot = "";
			targets = (
				233311C42498FB4A006D3FC7 /* ios_sampleapp */,
				233311DA2498FB4C006D3FC7 /* ios_sampleappTests */,
				233311E52498FB4C006D3FC7 /* ios_sampleappUITests */,
			);
		};
/* End PBXProject section */

/* Begin PBXResourcesBuildPhase section */
		233311C32498FB4A006D3FC7 /* Resources */ = {
			isa = PBXResourcesBuildPhase;
			buildActionMask = 2147483647;
			files = (
				233311D52498FB4C006D3FC7 /* LaunchScreen.storyboard in Resources */,
				233311D22498FB4C006D3FC7 /* Assets.xcassets in Resources */,
				233311D02498FB4B006D3FC7 /* Main.storyboard in Resources */,
			);
			runOnlyForDeploymentPostprocessing = 0;
		};
		233311D92498FB4C006D3FC7 /* Resources */ = {
			isa = PBXResourcesBuildPhase;
			buildActionMask = 2147483647;
			files = (
			);
			runOnlyForDeploymentPostprocessing = 0;
		};
		233311E42498FB4C006D3FC7 /* Resources */ = {
			isa = PBXResourcesBuildPhase;
			buildActionMask = 2147483647;
			files = (
			);
			runOnlyForDeploymentPostprocessing = 0;
		};
/* End PBXResourcesBuildPhase section */

/* Begin PBXSourcesBuildPhase section */
		233311C12498FB4A006D3FC7 /* Sources */ = {
			isa = PBXSourcesBuildPhase;
			buildActionMask = 2147483647;
			files = (
				2380EF32249BAB390061C06D /* RatingControl.swift in Sources */,
				233311CD2498FB4A006D3FC7 /* ViewController.swift in Sources */,
				233311C92498FB4A006D3FC7 /* AppDelegate.swift in Sources */,
				233311CB2498FB4A006D3FC7 /* SceneDelegate.swift in Sources */,
			);
			runOnlyForDeploymentPostprocessing = 0;
		};
		233311D72498FB4C006D3FC7 /* Sources */ = {
			isa = PBXSourcesBuildPhase;
			buildActionMask = 2147483647;
			files = (
				233311E02498FB4C006D3FC7 /* ios_sampleappTests.swift in Sources */,
			);
			runOnlyForDeploymentPostprocessing = 0;
		};
		233311E22498FB4C006D3FC7 /* Sources */ = {
			isa = PBXSourcesBuildPhase;
			buildActionMask = 2147483647;
			files = (
				233311EB2498FB4C006D3FC7 /* ios_sampleappUITests.swift in Sources */,
			);
			runOnlyForDeploymentPostprocessing = 0;
		};
/* End PBXSourcesBuildPhase section */

/* Begin PBXTargetDependency section */
		233311DD2498FB4C006D3FC7 /* PBXTargetDependency */ = {
			isa = PBXTargetDependency;
			target = 233311C42498FB4A006D3FC7 /* ios_sampleapp */;
			targetProxy = 233311DC2498FB4C006D3FC7 /* PBXContainerItemProxy */;
		};
		233311E82498FB4C006D3FC7 /* PBXTargetDependency */ = {
			isa = PBXTargetDependency;
			target = 233311C42498FB4A006D3FC7 /* ios_sampleapp */;
			targetProxy = 233311E72498FB4C006D3FC7 /* PBXContainerItemProxy */;
		};
/* End PBXTargetDependency section */

/* Begin PBXVariantGroup section */
		233311CE2498FB4B006D3FC7 /* Main.storyboard */ = {
			isa = PBXVariantGroup;
			children = (
				233311CF2498FB4B006D3FC7 /* Base */,
			);
			name = Main.storyboard;
			sourceTree = "<group>";
		};
		233311D32498FB4C006D3FC7 /* LaunchScreen.storyboard */ = {
			isa = PBXVariantGroup;
			children = (
				233311D42498FB4C006D3FC7 /* Base */,
			);
			name = LaunchScreen.storyboard;
			sourceTree = "<group>";
		};
/* End PBXVariantGroup section */

/* Begin XCBuildConfiguration section */
		233311ED2498FB4C006D3FC7 /* Debug */ = {
			isa = XCBuildConfiguration;
			buildSettings = {
				ALWAYS_SEARCH_USER_PATHS = NO;
				CLANG_ANALYZER_NONNULL = YES;
				CLANG_ANALYZER_NUMBER_OBJECT_CONVERSION = YES_AGGRESSIVE;
				CLANG_CXX_LANGUAGE_STANDARD = "gnu++14";
				CLANG_CXX_LIBRARY = "libc++";
				CLANG_ENABLE_MODULES = YES;
				CLANG_ENABLE_OBJC_ARC = YES;
				CLANG_ENABLE_OBJC_WEAK = YES;
				CLANG_WARN_BLOCK_CAPTURE_AUTORELEASING = YES;
				CLANG_WARN_BOOL_CONVERSION = YES;
				CLANG_WARN_COMMA = YES;
				CLANG_WARN_CONSTANT_CONVERSION = YES;
				CLANG_WARN_DEPRECATED_OBJC_IMPLEMENTATIONS = YES;
				CLANG_WARN_DIRECT_OBJC_ISA_USAGE = YES_ERROR;
				CLANG_WARN_DOCUMENTATION_COMMENTS = YES;
				CLANG_WARN_EMPTY_BODY = YES;
				CLANG_WARN_ENUM_CONVERSION = YES;
				CLANG_WARN_INFINITE_RECURSION = YES;
				CLANG_WARN_INT_CONVERSION = YES;
				CLANG_WARN_NON_LITERAL_NULL_CONVERSION = YES;
				CLANG_WARN_OBJC_IMPLICIT_RETAIN_SELF = YES;
				CLANG_WARN_OBJC_LITERAL_CONVERSION = YES;
				CLANG_WARN_OBJC_ROOT_CLASS = YES_ERROR;
				CLANG_WARN_RANGE_LOOP_ANALYSIS = YES;
				CLANG_WARN_STRICT_PROTOTYPES = YES;
				CLANG_WARN_SUSPICIOUS_MOVE = YES;
				CLANG_WARN_UNGUARDED_AVAILABILITY = YES_AGGRESSIVE;
				CLANG_WARN_UNREACHABLE_CODE = YES;
				CLANG_WARN__DUPLICATE_METHOD_MATCH = YES;
				COPY_PHASE_STRIP = NO;
				DEBUG_INFORMATION_FORMAT = dwarf;
				ENABLE_STRICT_OBJC_MSGSEND = YES;
				ENABLE_TESTABILITY = YES;
				GCC_C_LANGUAGE_STANDARD = gnu11;
				GCC_DYNAMIC_NO_PIC = NO;
				GCC_NO_COMMON_BLOCKS = YES;
				GCC_OPTIMIZATION_LEVEL = 0;
				GCC_PREPROCESSOR_DEFINITIONS = (
					"DEBUG=1",
					"$(inherited)",
				);
				GCC_WARN_64_TO_32_BIT_CONVERSION = YES;
				GCC_WARN_ABOUT_RETURN_TYPE = YES_ERROR;
				GCC_WARN_UNDECLARED_SELECTOR = YES;
				GCC_WARN_UNINITIALIZED_AUTOS = YES_AGGRESSIVE;
				GCC_WARN_UNUSED_FUNCTION = YES;
				GCC_WARN_UNUSED_VARIABLE = YES;
				IPHONEOS_DEPLOYMENT_TARGET = 13.5;
				MTL_ENABLE_DEBUG_INFO = INCLUDE_SOURCE;
				MTL_FAST_MATH = YES;
				ONLY_ACTIVE_ARCH = YES;
				SDKROOT = iphoneos;
				SWIFT_ACTIVE_COMPILATION_CONDITIONS = DEBUG;
				SWIFT_OPTIMIZATION_LEVEL = "-Onone";
			};
			name = Debug;
		};
		233311EE2498FB4C006D3FC7 /* Release */ = {
			isa = XCBuildConfiguration;
			buildSettings = {
				ALWAYS_SEARCH_USER_PATHS = NO;
				CLANG_ANALYZER_NONNULL = YES;
				CLANG_ANALYZER_NUMBER_OBJECT_CONVERSION = YES_AGGRESSIVE;
				CLANG_CXX_LANGUAGE_STANDARD = "gnu++14";
				CLANG_CXX_LIBRARY = "libc++";
				CLANG_ENABLE_MODULES = YES;
				CLANG_ENABLE_OBJC_ARC = YES;
				CLANG_ENABLE_OBJC_WEAK = YES;
				CLANG_WARN_BLOCK_CAPTURE_AUTORELEASING = YES;
				CLANG_WARN_BOOL_CONVERSION = YES;
				CLANG_WARN_COMMA = YES;
				CLANG_WARN_CONSTANT_CONVERSION = YES;
				CLANG_WARN_DEPRECATED_OBJC_IMPLEMENTATIONS = YES;
				CLANG_WARN_DIRECT_OBJC_ISA_USAGE = YES_ERROR;
				CLANG_WARN_DOCUMENTATION_COMMENTS = YES;
				CLANG_WARN_EMPTY_BODY = YES;
				CLANG_WARN_ENUM_CONVERSION = YES;
				CLANG_WARN_INFINITE_RECURSION = YES;
				CLANG_WARN_INT_CONVERSION = YES;
				CLANG_WARN_NON_LITERAL_NULL_CONVERSION = YES;
				CLANG_WARN_OBJC_IMPLICIT_RETAIN_SELF = YES;
				CLANG_WARN_OBJC_LITERAL_CONVERSION = YES;
				CLANG_WARN_OBJC_ROOT_CLASS = YES_ERROR;
				CLANG_WARN_RANGE_LOOP_ANALYSIS = YES;
				CLANG_WARN_STRICT_PROTOTYPES = YES;
				CLANG_WARN_SUSPICIOUS_MOVE = YES;
				CLANG_WARN_UNGUARDED_AVAILABILITY = YES_AGGRESSIVE;
				CLANG_WARN_UNREACHABLE_CODE = YES;
				CLANG_WARN__DUPLICATE_METHOD_MATCH = YES;
				COPY_PHASE_STRIP = NO;
				DEBUG_INFORMATION_FORMAT = "dwarf-with-dsym";
				ENABLE_NS_ASSERTIONS = NO;
				ENABLE_STRICT_OBJC_MSGSEND = YES;
				GCC_C_LANGUAGE_STANDARD = gnu11;
				GCC_NO_COMMON_BLOCKS = YES;
				GCC_WARN_64_TO_32_BIT_CONVERSION = YES;
				GCC_WARN_ABOUT_RETURN_TYPE = YES_ERROR;
				GCC_WARN_UNDECLARED_SELECTOR = YES;
				GCC_WARN_UNINITIALIZED_AUTOS = YES_AGGRESSIVE;
				GCC_WARN_UNUSED_FUNCTION = YES;
				GCC_WARN_UNUSED_VARIABLE = YES;
				IPHONEOS_DEPLOYMENT_TARGET = 13.5;
				MTL_ENABLE_DEBUG_INFO = NO;
				MTL_FAST_MATH = YES;
				SDKROOT = iphoneos;
				SWIFT_COMPILATION_MODE = wholemodule;
				SWIFT_OPTIMIZATION_LEVEL = "-O";
				VALIDATE_PRODUCT = YES;
			};
			name = Release;
		};
		233311F02498FB4C006D3FC7 /* Debug */ = {
			isa = XCBuildConfiguration;
			buildSettings = {
				ASSETCATALOG_COMPILER_APPICON_NAME = AppIcon;
				CODE_SIGN_STYLE = Automatic;
				DEVELOPMENT_TEAM = 3QD3T3DRV8;
				INFOPLIST_FILE = ios_sampleapp/Info.plist;
				LD_RUNPATH_SEARCH_PATHS = (
					"$(inherited)",
					"@executable_path/Frameworks",
				);
				PRODUCT_BUNDLE_IDENTIFIER = "hblockth.ios-sampleapp";
				PRODUCT_NAME = "$(TARGET_NAME)";
				SWIFT_VERSION = 5.0;
				TARGETED_DEVICE_FAMILY = "1,2";
			};
			name = Debug;
		};
		233311F12498FB4C006D3FC7 /* Release */ = {
			isa = XCBuildConfiguration;
			buildSettings = {
				ASSETCATALOG_COMPILER_APPICON_NAME = AppIcon;
				CODE_SIGN_STYLE = Automatic;
				DEVELOPMENT_TEAM = 3QD3T3DRV8;
				INFOPLIST_FILE = ios_sampleapp/Info.plist;
				LD_RUNPATH_SEARCH_PATHS = (
					"$(inherited)",
					"@executable_path/Frameworks",
				);
				PRODUCT_BUNDLE_IDENTIFIER = "hblockth.ios-sampleapp";
				PRODUCT_NAME = "$(TARGET_NAME)";
				SWIFT_VERSION = 5.0;
				TARGETED_DEVICE_FAMILY = "1,2";
			};
			name = Release;
		};
		233311F32498FB4C006D3FC7 /* Debug */ = {
			isa = XCBuildConfiguration;
			buildSettings = {
				ALWAYS_EMBED_SWIFT_STANDARD_LIBRARIES = YES;
				BUNDLE_LOADER = "$(TEST_HOST)";
				CODE_SIGN_STYLE = Automatic;
				DEVELOPMENT_TEAM = 3QD3T3DRV8;
				INFOPLIST_FILE = ios_sampleappTests/Info.plist;
				IPHONEOS_DEPLOYMENT_TARGET = 13.5;
				LD_RUNPATH_SEARCH_PATHS = (
					"$(inherited)",
					"@executable_path/Frameworks",
					"@loader_path/Frameworks",
				);
				PRODUCT_BUNDLE_IDENTIFIER = "hblockth.ios-sampleappTests";
				PRODUCT_NAME = "$(TARGET_NAME)";
				SWIFT_VERSION = 5.0;
				TARGETED_DEVICE_FAMILY = "1,2";
				TEST_HOST = "$(BUILT_PRODUCTS_DIR)/ios_sampleapp.app/ios_sampleapp";
			};
			name = Debug;
		};
		233311F42498FB4C006D3FC7 /* Release */ = {
			isa = XCBuildConfiguration;
			buildSettings = {
				ALWAYS_EMBED_SWIFT_STANDARD_LIBRARIES = YES;
				BUNDLE_LOADER = "$(TEST_HOST)";
				CODE_SIGN_STYLE = Automatic;
				DEVELOPMENT_TEAM = 3QD3T3DRV8;
				INFOPLIST_FILE = ios_sampleappTests/Info.plist;
				IPHONEOS_DEPLOYMENT_TARGET = 13.5;
				LD_RUNPATH_SEARCH_PATHS = (
					"$(inherited)",
					"@executable_path/Frameworks",
					"@loader_path/Frameworks",
				);
				PRODUCT_BUNDLE_IDENTIFIER = "hblockth.ios-sampleappTests";
				PRODUCT_NAME = "$(TARGET_NAME)";
				SWIFT_VERSION = 5.0;
				TARGETED_DEVICE_FAMILY = "1,2";
				TEST_HOST = "$(BUILT_PRODUCTS_DIR)/ios_sampleapp.app/ios_sampleapp";
			};
			name = Release;
		};
		233311F62498FB4C006D3FC7 /* Debug */ = {
			isa = XCBuildConfiguration;
			buildSettings = {
				ALWAYS_EMBED_SWIFT_STANDARD_LIBRARIES = YES;
				CODE_SIGN_STYLE = Automatic;
				DEVELOPMENT_TEAM = 3QD3T3DRV8;
				INFOPLIST_FILE = ios_sampleappUITests/Info.plist;
				LD_RUNPATH_SEARCH_PATHS = (
					"$(inherited)",
					"@executable_path/Frameworks",
					"@loader_path/Frameworks",
				);
				PRODUCT_BUNDLE_IDENTIFIER = "hblockth.ios-sampleappUITests";
				PRODUCT_NAME = "$(TARGET_NAME)";
				SWIFT_VERSION = 5.0;
				TARGETED_DEVICE_FAMILY = "1,2";
				TEST_TARGET_NAME = ios_sampleapp;
			};
			name = Debug;
		};
		233311F72498FB4C006D3FC7 /* Release */ = {
			isa = XCBuildConfiguration;
			buildSettings = {
				ALWAYS_EMBED_SWIFT_STANDARD_LIBRARIES = YES;
				CODE_SIGN_STYLE = Automatic;
				DEVELOPMENT_TEAM = 3QD3T3DRV8;
				INFOPLIST_FILE = ios_sampleappUITests/Info.plist;
				LD_RUNPATH_SEARCH_PATHS = (
					"$(inherited)",
					"@executable_path/Frameworks",
					"@loader_path/Frameworks",
				);
				PRODUCT_BUNDLE_IDENTIFIER = "hblockth.ios-sampleappUITests";
				PRODUCT_NAME = "$(TARGET_NAME)";
				SWIFT_VERSION = 5.0;
				TARGETED_DEVICE_FAMILY = "1,2";
				TEST_TARGET_NAME = ios_sampleapp;
			};
			name = Release;
		};
/* End XCBuildConfiguration section */

/* Begin XCConfigurationList section */
		233311C02498FB4A006D3FC7 /* Build configuration list for PBXProject "ios_sampleapp" */ = {
			isa = XCConfigurationList;
			buildConfigurations = (
				233311ED2498FB4C006D3FC7 /* Debug */,
				233311EE2498FB4C006D3FC7 /* Release */,
			);
			defaultConfigurationIsVisible = 0;
			defaultConfigurationName = Release;
		};
		233311EF2498FB4C006D3FC7 /* Build configuration list for PBXNativeTarget "ios_sampleapp" */ = {
			isa = XCConfigurationList;
			buildConfigurations = (
				233311F02498FB4C006D3FC7 /* Debug */,
				233311F12498FB4C006D3FC7 /* Release */,
			);
			defaultConfigurationIsVisible = 0;
			defaultConfigurationName = Release;
		};
		233311F22498FB4C006D3FC7 /* Build configuration list for PBXNativeTarget "ios_sampleappTests" */ = {
			isa = XCConfigurationList;
			buildConfigurations = (
				233311F32498FB4C006D3FC7 /* Debug */,
				233311F42498FB4C006D3FC7 /* Release */,
			);
			defaultConfigurationIsVisible = 0;
			defaultConfigurationName = Release;
		};
		233311F52498FB4C006D3FC7 /* Build configuration list for PBXNativeTarget "ios_sampleappUITests" */ = {
			isa = XCConfigurationList;
			buildConfigurations = (
				233311F62498FB4C006D3FC7 /* Debug */,
				233311F72498FB4C006D3FC7 /* Release */,
			);
			defaultConfigurationIsVisible = 0;
			defaultConfigurationName = Release;
		};
/* End XCConfigurationList section */
	};
	rootObject = 233311BD2498FB4A006D3FC7 /* Project object */;
}
